
Microsoft Visual Studio Solution File, Format Version 12.00
# Visual Studio Version 17
VisualStudioVersion = 17.4.33122.133
MinimumVisualStudioVersion = 10.0.40219.1
Project("{FAE04EC0-301F-11D3-BF4B-00C04F79EFBC}") = "AspNetMvcCrud", "AspNetMvcCrud\AspNetMvcCrud.csproj", "{697507E1-435B-4AE5-A688-2CDB797A6182}"
EndProject
Global
	GlobalSection(SolutionConfigurationPlatforms) = preSolution
		Debug|Any CPU = Debug|Any CPU
		Release|Any CPU = Release|Any CPU
	EndGlobalSection
	GlobalSection(ProjectConfigurationPlatforms) = postSolution
		{697507E1-435B-4AE5-A688-2CDB797A6182}.Debug|Any CPU.ActiveCfg = Debug|Any CPU
		{697507E1-435B-4AE5-A688-2CDB797A6182}.Debug|Any CPU.Build.0 = Debug|Any CPU
		{697507E1-435B-4AE5-A688-2CDB797A6182}.Release|Any CPU.ActiveCfg = Release|Any CPU
		{697507E1-435B-4AE5-A688-2CDB797A6182}.Release|Any CPU.Build.0 = Release|Any CPU
	EndGlobalSection
	GlobalSection(SolutionProperties) = preSolution
		HideSolutionNode = FALSE
	EndGlobalSection
	GlobalSection(ExtensibilityGlobals) = postSolution
		SolutionGuid = {3911794F-F6CE-4281-8B7C-90845EC501B8}
	EndGlobalSection
EndGlobal
